// !$*UTF8*$!
{
	archiveVersion = 1;
	classes = {
	};
	objectVersion = 50;
	objects = {

/* Begin PBXBuildFile section */
		B752E2AE23B8C6BD0049C02B /* Realisations.cpp in Sources */ = {isa = PBXBuildFile; fileRef = B752E2AD23B8C6BD0049C02B /* Realisations.cpp */; };
		B752E2B123B8C72A0049C02B /* Rectangle.cpp in Sources */ = {isa = PBXBuildFile; fileRef = B752E2AF23B8C72A0049C02B /* Rectangle.cpp */; };
		B752E2B423B8CAA10049C02B /* Shape.cpp in Sources */ = {isa = PBXBuildFile; fileRef = B752E2B223B8CAA10049C02B /* Shape.cpp */; };
		B752E2B723B8CBC00049C02B /* Square.cpp in Sources */ = {isa = PBXBuildFile; fileRef = B752E2B523B8CBC00049C02B /* Square.cpp */; };
		B752E2BA23B8CBD00049C02B /* Triangle.cpp in Sources */ = {isa = PBXBuildFile; fileRef = B752E2B823B8CBD00049C02B /* Triangle.cpp */; };
		B7C738EC23AE2C83000312EE /* main.cpp in Sources */ = {isa = PBXBuildFile; fileRef = B7C738EB23AE2C83000312EE /* main.cpp */; };
		B7C738F523AE37C4000312EE /* date.cpp in Sources */ = {isa = PBXBuildFile; fileRef = B7C738F423AE37C4000312EE /* date.cpp */; };
		B7C738F823AE380B000312EE /* Person.cpp in Sources */ = {isa = PBXBuildFile; fileRef = B7C738F723AE380B000312EE /* Person.cpp */; };
		B7C738FB23AE38DB000312EE /* personTypeTest.cpp in Sources */ = {isa = PBXBuildFile; fileRef = B7C738FA23AE38DB000312EE /* personTypeTest.cpp */; };
/* End PBXBuildFile section */

/* Begin PBXCopyFilesBuildPhase section */
		B7C738E623AE2C83000312EE /* CopyFiles */ = {
			isa = PBXCopyFilesBuildPhase;
			buildActionMask = 2147483647;
			dstPath = /usr/share/man/man1/;
			dstSubfolderSpec = 0;
			files = (
			);
			runOnlyForDeploymentPostprocessing = 1;
		};
/* End PBXCopyFilesBuildPhase section */

/* Begin PBXFileReference section */
		B7472F402516831A00302A50 /* bst.h */ = {isa = PBXFileReference; lastKnownFileType = sourcecode.c.h; path = bst.h; sourceTree = "<group>"; };
		B752E2AD23B8C6BD0049C02B /* Realisations.cpp */ = {isa = PBXFileReference; lastKnownFileType = sourcecode.cpp.cpp; path = Realisations.cpp; sourceTree = "<group>"; };
		B752E2AF23B8C72A0049C02B /* Rectangle.cpp */ = {isa = PBXFileReference; lastKnownFileType = sourcecode.cpp.cpp; path = Rectangle.cpp; sourceTree = "<group>"; };
		B752E2B023B8C72A0049C02B /* Rectangle.h */ = {isa = PBXFileReference; lastKnownFileType = sourcecode.c.h; path = Rectangle.h; sourceTree = "<group>"; };
		B752E2B223B8CAA10049C02B /* Shape.cpp */ = {isa = PBXFileReference; lastKnownFileType = sourcecode.cpp.cpp; path = Shape.cpp; sourceTree = "<group>"; };
		B752E2B323B8CAA10049C02B /* Shape.h */ = {isa = PBXFileReference; lastKnownFileType = sourcecode.c.h; path = Shape.h; sourceTree = "<group>"; };
		B752E2B523B8CBC00049C02B /* Square.cpp */ = {isa = PBXFileReference; lastKnownFileType = sourcecode.cpp.cpp; path = Square.cpp; sourceTree = "<group>"; };
		B752E2B623B8CBC00049C02B /* Square.h */ = {isa = PBXFileReference; lastKnownFileType = sourcecode.c.h; path = Square.h; sourceTree = "<group>"; };
		B752E2B823B8CBD00049C02B /* Triangle.cpp */ = {isa = PBXFileReference; lastKnownFileType = sourcecode.cpp.cpp; path = Triangle.cpp; sourceTree = "<group>"; };
		B752E2B923B8CBD00049C02B /* Triangle.h */ = {isa = PBXFileReference; lastKnownFileType = sourcecode.c.h; path = Triangle.h; sourceTree = "<group>"; };
		B7C738E823AE2C83000312EE /* revise */ = {isa = PBXFileReference; explicitFileType = "compiled.mach-o.executable"; includeInIndex = 0; path = revise; sourceTree = BUILT_PRODUCTS_DIR; };
		B7C738EB23AE2C83000312EE /* main.cpp */ = {isa = PBXFileReference; lastKnownFileType = sourcecode.cpp.cpp; path = main.cpp; sourceTree = "<group>"; };
		B7C738F323AE3644000312EE /* personTypeTest.h */ = {isa = PBXFileReference; lastKnownFileType = sourcecode.c.h; path = personTypeTest.h; sourceTree = "<group>"; };
		B7C738F423AE37C4000312EE /* date.cpp */ = {isa = PBXFileReference; lastKnownFileType = sourcecode.cpp.cpp; path = date.cpp; sourceTree = "<group>"; };
		B7C738F623AE37E6000312EE /* Person.hpp */ = {isa = PBXFileReference; lastKnownFileType = sourcecode.cpp.h; path = Person.hpp; sourceTree = "<group>"; };
		B7C738F723AE380B000312EE /* Person.cpp */ = {isa = PBXFileReference; lastKnownFileType = sourcecode.cpp.cpp; path = Person.cpp; sourceTree = "<group>"; };
		B7C738F923AE389E000312EE /* date.h */ = {isa = PBXFileReference; lastKnownFileType = sourcecode.c.h; path = date.h; sourceTree = "<group>"; };
		B7C738FA23AE38DB000312EE /* personTypeTest.cpp */ = {isa = PBXFileReference; lastKnownFileType = sourcecode.cpp.cpp; path = personTypeTest.cpp; sourceTree = "<group>"; };
/* End PBXFileReference section */

/* Begin PBXFrameworksBuildPhase section */
		B7C738E523AE2C83000312EE /* Frameworks */ = {
			isa = PBXFrameworksBuildPhase;
			buildActionMask = 2147483647;
			files = (
			);
			runOnlyForDeploymentPostprocessing = 0;
		};
/* End PBXFrameworksBuildPhase section */

/* Begin PBXGroup section */
		B7C738DF23AE2C83000312EE = {
			isa = PBXGroup;
			children = (
				B7C738EA23AE2C83000312EE /* revise */,
				B7C738E923AE2C83000312EE /* Products */,
			);
			sourceTree = "<group>";
		};
		B7C738E923AE2C83000312EE /* Products */ = {
			isa = PBXGroup;
			children = (
				B7C738E823AE2C83000312EE /* revise */,
			);
			name = Products;
			sourceTree = "<group>";
		};
		B7C738EA23AE2C83000312EE /* revise */ = {
			isa = PBXGroup;
			children = (
				B7C738EB23AE2C83000312EE /* main.cpp */,
				B7C738F323AE3644000312EE /* personTypeTest.h */,
				B7C738F423AE37C4000312EE /* date.cpp */,
				B7C738F623AE37E6000312EE /* Person.hpp */,
				B7C738F723AE380B000312EE /* Person.cpp */,
				B7C738F923AE389E000312EE /* date.h */,
				B7C738FA23AE38DB000312EE /* personTypeTest.cpp */,
				B752E2AD23B8C6BD0049C02B /* Realisations.cpp */,
				B752E2AF23B8C72A0049C02B /* Rectangle.cpp */,
				B752E2B023B8C72A0049C02B /* Rectangle.h */,
				B752E2B223B8CAA10049C02B /* Shape.cpp */,
				B752E2B323B8CAA10049C02B /* Shape.h */,
				B752E2B523B8CBC00049C02B /* Square.cpp */,
				B752E2B623B8CBC00049C02B /* Square.h */,
				B752E2B823B8CBD00049C02B /* Triangle.cpp */,
				B752E2B923B8CBD00049C02B /* Triangle.h */,
			);
			path = revise;
			sourceTree = "<group>";
		};
/* End PBXGroup section */

/* Begin PBXNativeTarget section */
		B7C738E723AE2C83000312EE /* revise */ = {
			isa = PBXNativeTarget;
			buildConfigurationList = B7C738EF23AE2C83000312EE /* Build configuration list for PBXNativeTarget "revise" */;
			buildPhases = (
				B7C738E423AE2C83000312EE /* Sources */,
				B7C738E523AE2C83000312EE /* Frameworks */,
				B7C738E623AE2C83000312EE /* CopyFiles */,
			);
			buildRules = (
			);
			dependencies = (
			);
			name = revise;
			productName = revise;
			productReference = B7C738E823AE2C83000312EE /* revise */;
			productType = "com.apple.product-type.tool";
		};
/* End PBXNativeTarget section */

/* Begin PBXProject section */
		B7C738E023AE2C83000312EE /* Project object */ = {
			isa = PBXProject;
			attributes = {
				LastUpgradeCheck = 1130;
				ORGANIZATIONNAME = "Vũ hoàng Quân";
				TargetAttributes = {
					B7C738E723AE2C83000312EE = {
						CreatedOnToolsVersion = 11.3;
					};
				};
			};
			buildConfigurationList = B7C738E323AE2C83000312EE /* Build configuration list for PBXProject "revise" */;
			compatibilityVersion = "Xcode 9.3";
			developmentRegion = en;
			hasScannedForEncodings = 0;
			knownRegions = (
				en,
				Base,
			);
			mainGroup = B7C738DF23AE2C83000312EE;
			productRefGroup = B7C738E923AE2C83000312EE /* Products */;
			projectDirPath = "";
			projectRoot = "";
			targets = (
				B7C738E723AE2C83000312EE /* revise */,
			);
		};
/* End PBXProject section */

/* Begin PBXSourcesBuildPhase section */
		B7C738E423AE2C83000312EE /* Sources */ = {
			isa = PBXSourcesBuildPhase;
			buildActionMask = 2147483647;
			files = (
				B7C738FB23AE38DB000312EE /* personTypeTest.cpp in Sources */,
				B752E2B423B8CAA10049C02B /* Shape.cpp in Sources */,
				B7C738EC23AE2C83000312EE /* main.cpp in Sources */,
				B7C738F823AE380B000312EE /* Person.cpp in Sources */,
				B752E2B723B8CBC00049C02B /* Square.cpp in Sources */,
				B7C738F523AE37C4000312EE /* date.cpp in Sources */,
				B752E2AE23B8C6BD0049C02B /* Realisations.cpp in Sources */,
				B752E2BA23B8CBD00049C02B /* Triangle.cpp in Sources */,
				B752E2B123B8C72A0049C02B /* Rectangle.cpp in Sources */,
			);
			runOnlyForDeploymentPostprocessing = 0;
		};
/* End PBXSourcesBuildPhase section */

/* Begin XCBuildConfiguration section */
		B7C738ED23AE2C83000312EE /* Debug */ = {
			isa = XCBuildConfiguration;
			buildSettings = {
				ALWAYS_SEARCH_USER_PATHS = NO;
				CLANG_ANALYZER_NONNULL = YES;
				CLANG_ANALYZER_NUMBER_OBJECT_CONVERSION = YES_AGGRESSIVE;
				CLANG_CXX_LANGUAGE_STANDARD = "gnu++14";
				CLANG_CXX_LIBRARY = "libc++";
				CLANG_ENABLE_MODULES = YES;
				CLANG_ENABLE_OBJC_ARC = YES;
				CLANG_ENABLE_OBJC_WEAK = YES;
				CLANG_WARN_BLOCK_CAPTURE_AUTORELEASING = YES;
				CLANG_WARN_BOOL_CONVERSION = YES;
				CLANG_WARN_COMMA = YES;
				CLANG_WARN_CONSTANT_CONVERSION = YES;
				CLANG_WARN_DEPRECATED_OBJC_IMPLEMENTATIONS = YES;
				CLANG_WARN_DIRECT_OBJC_ISA_USAGE = YES_ERROR;
				CLANG_WARN_DOCUMENTATION_COMMENTS = YES;
				CLANG_WARN_EMPTY_BODY = YES;
				CLANG_WARN_ENUM_CONVERSION = YES;
				CLANG_WARN_INFINITE_RECURSION = YES;
				CLANG_WARN_INT_CONVERSION = YES;
				CLANG_WARN_NON_LITERAL_NULL_CONVERSION = YES;
				CLANG_WARN_OBJC_IMPLICIT_RETAIN_SELF = YES;
				CLANG_WARN_OBJC_LITERAL_CONVERSION = YES;
				CLANG_WARN_OBJC_ROOT_CLASS = YES_ERROR;
				CLANG_WARN_RANGE_LOOP_ANALYSIS = YES;
				CLANG_WARN_STRICT_PROTOTYPES = YES;
				CLANG_WARN_SUSPICIOUS_MOVE = YES;
				CLANG_WARN_UNGUARDED_AVAILABILITY = YES_AGGRESSIVE;
				CLANG_WARN_UNREACHABLE_CODE = YES;
				CLANG_WARN__DUPLICATE_METHOD_MATCH = YES;
				COPY_PHASE_STRIP = NO;
				DEBUG_INFORMATION_FORMAT = dwarf;
				ENABLE_STRICT_OBJC_MSGSEND = YES;
				ENABLE_TESTABILITY = YES;
				GCC_C_LANGUAGE_STANDARD = gnu11;
				GCC_DYNAMIC_NO_PIC = NO;
				GCC_NO_COMMON_BLOCKS = YES;
				GCC_OPTIMIZATION_LEVEL = 0;
				GCC_PREPROCESSOR_DEFINITIONS = (
					"DEBUG=1",
					"$(inherited)",
				);
				GCC_WARN_64_TO_32_BIT_CONVERSION = YES;
				GCC_WARN_ABOUT_RETURN_TYPE = YES_ERROR;
				GCC_WARN_UNDECLARED_SELECTOR = YES;
				GCC_WARN_UNINITIALIZED_AUTOS = YES_AGGRESSIVE;
				GCC_WARN_UNUSED_FUNCTION = YES;
				GCC_WARN_UNUSED_VARIABLE = YES;
				MACOSX_DEPLOYMENT_TARGET = 10.15;
				MTL_ENABLE_DEBUG_INFO = INCLUDE_SOURCE;
				MTL_FAST_MATH = YES;
				ONLY_ACTIVE_ARCH = YES;
				SDKROOT = macosx;
			};
			name = Debug;
		};
		B7C738EE23AE2C83000312EE /* Release */ = {
			isa = XCBuildConfiguration;
			buildSettings = {
				ALWAYS_SEARCH_USER_PATHS = NO;
				CLANG_ANALYZER_NONNULL = YES;
				CLANG_ANALYZER_NUMBER_OBJECT_CONVERSION = YES_AGGRESSIVE;
				CLANG_CXX_LANGUAGE_STANDARD = "gnu++14";
				CLANG_CXX_LIBRARY = "libc++";
				CLANG_ENABLE_MODULES = YES;
				CLANG_ENABLE_OBJC_ARC = YES;
				CLANG_ENABLE_OBJC_WEAK = YES;
				CLANG_WARN_BLOCK_CAPTURE_AUTORELEASING = YES;
				CLANG_WARN_BOOL_CONVERSION = YES;
				CLANG_WARN_COMMA = YES;
				CLANG_WARN_CONSTANT_CONVERSION = YES;
				CLANG_WARN_DEPRECATED_OBJC_IMPLEMENTATIONS = YES;
				CLANG_WARN_DIRECT_OBJC_ISA_USAGE = YES_ERROR;
				CLANG_WARN_DOCUMENTATION_COMMENTS = YES;
				CLANG_WARN_EMPTY_BODY = YES;
				CLANG_WARN_ENUM_CONVERSION = YES;
				CLANG_WARN_INFINITE_RECURSION = YES;
				CLANG_WARN_INT_CONVERSION = YES;
				CLANG_WARN_NON_LITERAL_NULL_CONVERSION = YES;
				CLANG_WARN_OBJC_IMPLICIT_RETAIN_SELF = YES;
				CLANG_WARN_OBJC_LITERAL_CONVERSION = YES;
				CLANG_WARN_OBJC_ROOT_CLASS = YES_ERROR;
				CLANG_WARN_RANGE_LOOP_ANALYSIS = YES;
				CLANG_WARN_STRICT_PROTOTYPES = YES;
				CLANG_WARN_SUSPICIOUS_MOVE = YES;
				CLANG_WARN_UNGUARDED_AVAILABILITY = YES_AGGRESSIVE;
				CLANG_WARN_UNREACHABLE_CODE = YES;
				CLANG_WARN__DUPLICATE_METHOD_MATCH = YES;
				COPY_PHASE_STRIP = NO;
				DEBUG_INFORMATION_FORMAT = "dwarf-with-dsym";
				ENABLE_NS_ASSERTIONS = NO;
				ENABLE_STRICT_OBJC_MSGSEND = YES;
				GCC_C_LANGUAGE_STANDARD = gnu11;
				GCC_NO_COMMON_BLOCKS = YES;
				GCC_WARN_64_TO_32_BIT_CONVERSION = YES;
				GCC_WARN_ABOUT_RETURN_TYPE = YES_ERROR;
				GCC_WARN_UNDECLARED_SELECTOR = YES;
				GCC_WARN_UNINITIALIZED_AUTOS = YES_AGGRESSIVE;
				GCC_WARN_UNUSED_FUNCTION = YES;
				GCC_WARN_UNUSED_VARIABLE = YES;
				MACOSX_DEPLOYMENT_TARGET = 10.15;
				MTL_ENABLE_DEBUG_INFO = NO;
				MTL_FAST_MATH = YES;
				SDKROOT = macosx;
			};
			name = Release;
		};
		B7C738F023AE2C83000312EE /* Debug */ = {
			isa = XCBuildConfiguration;
			buildSettings = {
				CODE_SIGN_STYLE = Automatic;
				PRODUCT_NAME = "$(TARGET_NAME)";
			};
			name = Debug;
		};
		B7C738F123AE2C83000312EE /* Release */ = {
			isa = XCBuildConfiguration;
			buildSettings = {
				CODE_SIGN_STYLE = Automatic;
				PRODUCT_NAME = "$(TARGET_NAME)";
			};
			name = Release;
		};
/* End XCBuildConfiguration section */

/* Begin XCConfigurationList section */
		B7C738E323AE2C83000312EE /* Build configuration list for PBXProject "revise" */ = {
			isa = XCConfigurationList;
			buildConfigurations = (
				B7C738ED23AE2C83000312EE /* Debug */,
				B7C738EE23AE2C83000312EE /* Release */,
			);
			defaultConfigurationIsVisible = 0;
			defaultConfigurationName = Release;
		};
		B7C738EF23AE2C83000312EE /* Build configuration list for PBXNativeTarget "revise" */ = {
			isa = XCConfigurationList;
			buildConfigurations = (
				B7C738F023AE2C83000312EE /* Debug */,
				B7C738F123AE2C83000312EE /* Release */,
			);
			defaultConfigurationIsVisible = 0;
			defaultConfigurationName = Release;
		};
/* End XCConfigurationList section */
	};
	rootObject = B7C738E023AE2C83000312EE /* Project object */;
}
